
Microsoft Visual Studio Solution File, Format Version 12.00
# Visual Studio Version 17
VisualStudioVersion = 17.1.31911.260
MinimumVisualStudioVersion = 10.0.40219.1
Project("{FAE04EC0-301F-11D3-BF4B-00C04F79EFBC}") = "combining-translations", "combining-translations.csproj", "{2E9B6588-ED5B-4FAC-A780-4685462E80A7}"
EndProject
Global
	GlobalSection(SolutionConfigurationPlatforms) = preSolution
		Debug|Any CPU = Debug|Any CPU
		Release|Any CPU = Release|Any CPU
	EndGlobalSection
	GlobalSection(ProjectConfigurationPlatforms) = postSolution
		{2E9B6588-ED5B-4FAC-A780-4685462E80A7}.Debug|Any CPU.ActiveCfg = Debug|Any CPU
		{2E9B6588-ED5B-4FAC-A780-4685462E80A7}.Debug|Any CPU.Build.0 = Debug|Any CPU
		{2E9B6588-ED5B-4FAC-A780-4685462E80A7}.Release|Any CPU.ActiveCfg = Release|Any CPU
		{2E9B6588-ED5B-4FAC-A780-4685462E80A7}.Release|Any CPU.Build.0 = Release|Any CPU
	EndGlobalSection
	GlobalSection(SolutionProperties) = preSolution
		HideSolutionNode = FALSE
	EndGlobalSection
	GlobalSection(ExtensibilityGlobals) = postSolution
		SolutionGuid = {A92A4282-3C66-48D4-B44B-5C23845754B6}
	EndGlobalSection
EndGlobal
